{
  "requires": true,
  "lockfileVersion": 1,
  "dependencies": {
    "@types/google-apps-script": {
      "version": "1.0.3",
      "resolved": "https://registry.npmjs.org/@types/google-apps-script/-/google-apps-script-1.0.3.tgz",
      "integrity": "sha512-9UouGd/gomOMY//Qhr3k1uUFNsGmwnR0HPVfFPCxoNH7eLbKDi72e1Tk5DDTLaCkrIv2O+ubYv70b9qpUiTS/w=="
    }
  }
}
